# This file is automatically @generated by Cargo.
# It is not intended for manual editing.
[[package]]
name = "core"
version = "0.1.0"
dependencies = [
 "ein-ffi",
]

[[package]]
name = "ein-ffi"
version = "0.3.2"
source = "registry+https://github.com/rust-lang/crates.io-index"
checksum = "f7e660f2bb989a30467fcbb30610fffce3ee2b9a5691aae9d72704913dc5395d"
